
Microsoft Visual Studio Solution File, Format Version 12.00
# Visual Studio Version 17
VisualStudioVersion = 17.11.35222.181
MinimumVisualStudioVersion = 10.0.40219.1
Project("{2150E333-8FDC-42A3-9474-1A3956D46DE8}") = "Task0", "Task0", "{4A791881-0370-4F69-85A6-165872C06840}"
EndProject
Project("{9A19103F-16F7-4668-BE54-9A1E7A4F7556}") = "Tyuiu.BrovkinAA.Sprint5.Task0.V15", "Tyuiu.BrovkinAA.Sprint5.Task0.V15\Tyuiu.BrovkinAA.Sprint5.Task0.V15.csproj", "{CD63276F-F36C-42E2-BC00-9D5E5A43377E}"
EndProject
Project("{9A19103F-16F7-4668-BE54-9A1E7A4F7556}") = "Tyuiu.BrovkinAA.Sprint5.Task0.V15.Lib", "Tyuiu.BrovkinAA.Sprint5.Task0.V15.Lib\Tyuiu.BrovkinAA.Sprint5.Task0.V15.Lib.csproj", "{01DFCC86-8DC4-41D6-B90F-D8519F529D11}"
EndProject
Project("{9A19103F-16F7-4668-BE54-9A1E7A4F7556}") = "Tyuiu.BrovkinAA.Sprint5.Task0.V15.Test", "Tyuiu.BrovkinAA.Sprint5.Task0.V15.Test\Tyuiu.BrovkinAA.Sprint5.Task0.V15.Test.csproj", "{D047F130-9B15-41E0-9B09-2BB71F21FBE7}"
EndProject
Project("{2150E333-8FDC-42A3-9474-1A3956D46DE8}") = "Task1", "Task1", "{3F7A929F-39FE-40B1-9B75-1F8CA90472A0}"
EndProject
Project("{9A19103F-16F7-4668-BE54-9A1E7A4F7556}") = "Tyuiu.BrovkinAA.Sprint5.Task1.V16", "Tyuiu.BrovkinAA.Sprint5.Task1.V16\Tyuiu.BrovkinAA.Sprint5.Task1.V16.csproj", "{402C838C-1820-49B8-980E-5951F15FCE20}"
EndProject
Project("{9A19103F-16F7-4668-BE54-9A1E7A4F7556}") = "Tyuiu.BrovkinAA.Sprint5.Task1.V16.Lib", "Tyuiu.BrovkinAA.Sprint5.Task1.V16.Lib\Tyuiu.BrovkinAA.Sprint5.Task1.V16.Lib.csproj", "{49900B18-1DD6-4255-A316-BAA0BBC99CE6}"
EndProject
Project("{9A19103F-16F7-4668-BE54-9A1E7A4F7556}") = "Tyuiu.BrovkinAA.Sprint5.Task1.V16.Test", "Tyuiu.BrovkinAA.Sprint5.Task1.V16.Test\Tyuiu.BrovkinAA.Sprint5.Task1.V16.Test.csproj", "{0B02EBF6-2DF8-4651-B13B-84C81BD63DAE}"
EndProject
Project("{2150E333-8FDC-42A3-9474-1A3956D46DE8}") = "Task2", "Task2", "{C6A0B4A9-608D-44D2-91F6-B7A56A8821CF}"
EndProject
Project("{9A19103F-16F7-4668-BE54-9A1E7A4F7556}") = "Tyuiu.BrovkinAA.Sprint5.Task2.V3", "Tyuiu.BrovkinAA.Sprint5.Task2.V3\Tyuiu.BrovkinAA.Sprint5.Task2.V3.csproj", "{41917518-5A4D-4C5F-AD64-0F7E63EE1E72}"
EndProject
Project("{9A19103F-16F7-4668-BE54-9A1E7A4F7556}") = "Tyuiu.BrovkinAA.Sprint5.Task2.V3.Lib", "Tyuiu.BrovkinAA.Sprint5.Task2.V3.Lib\Tyuiu.BrovkinAA.Sprint5.Task2.V3.Lib.csproj", "{B7114000-5656-4585-9B78-A9F1FAA21490}"
EndProject
Project("{9A19103F-16F7-4668-BE54-9A1E7A4F7556}") = "Tyuiu.BrovkinAA.Sprint5.Task2.V3.Test", "Tyuiu.BrovkinAA.Sprint5.Task2.V3.Test\Tyuiu.BrovkinAA.Sprint5.Task2.V3.Test.csproj", "{970543F0-0AA4-470E-A210-918621433CE3}"
EndProject
Project("{2150E333-8FDC-42A3-9474-1A3956D46DE8}") = "Task3", "Task3", "{21A8EAC4-B85F-47BB-8CB4-8F7BA4F16FE6}"
EndProject
Project("{9A19103F-16F7-4668-BE54-9A1E7A4F7556}") = "Tyuiu.BrovkinAA.Sprint5.Task3.V6", "Tyuiu.BrovkinAA.Sprint5.Task3.V6\Tyuiu.BrovkinAA.Sprint5.Task3.V6.csproj", "{ABF14F7D-B29B-4FE0-B1BB-57F860E34404}"
EndProject
Project("{9A19103F-16F7-4668-BE54-9A1E7A4F7556}") = "Tyuiu.BrovkinAA.Sprint5.Task3.V6.Lib", "Tyuiu.BrovkinAA.Sprint5.Task3.V6.Lib\Tyuiu.BrovkinAA.Sprint5.Task3.V6.Lib.csproj", "{356054C8-4088-4798-B2AF-CE255943DA53}"
EndProject
Project("{9A19103F-16F7-4668-BE54-9A1E7A4F7556}") = "Tyuiu.BrovkinAA.Sprint5.Task3.V6.Test", "Tyuiu.BrovkinAA.Sprint5.Task3.V6.Test\Tyuiu.BrovkinAA.Sprint5.Task3.V6.Test.csproj", "{54256CE9-C08F-4D73-B6AD-274ABD82A0B1}"
EndProject
Project("{2150E333-8FDC-42A3-9474-1A3956D46DE8}") = "Task4", "Task4", "{3AFB39E5-2EDD-4AE4-BA2A-736B19064CCA}"
EndProject
Project("{FAE04EC0-301F-11D3-BF4B-00C04F79EFBC}") = "Tyuiu.BrovkinAA.Sprint5.Task4.V8", "Tyuiu.BrovkinAA.Sprint5.Task4.V8\Tyuiu.BrovkinAA.Sprint5.Task4.V8.csproj", "{3474FD42-EA5C-47BD-A713-D40501A6A4E1}"
EndProject
Project("{FAE04EC0-301F-11D3-BF4B-00C04F79EFBC}") = "Tyuiu.BrovkinAA.Sprint5.Task4.V8.Lib", "Tyuiu.BrovkinAA.Sprint5.Task4.V8.Lib\Tyuiu.BrovkinAA.Sprint5.Task4.V8.Lib.csproj", "{857EF472-D659-4335-912D-943C7E429A69}"
EndProject
Project("{FAE04EC0-301F-11D3-BF4B-00C04F79EFBC}") = "Tyuiu.BrovkinAA.Sprint5.Task4.V8.Test", "Tyuiu.BrovkinAA.Sprint5.Task4.V8.Test\Tyuiu.BrovkinAA.Sprint5.Task4.V8.Test.csproj", "{B4D8B724-3DD0-4BBB-A377-0DF017C951A0}"
EndProject
Global
	GlobalSection(SolutionConfigurationPlatforms) = preSolution
		Debug|Any CPU = Debug|Any CPU
		Release|Any CPU = Release|Any CPU
	EndGlobalSection
	GlobalSection(ProjectConfigurationPlatforms) = postSolution
		{CD63276F-F36C-42E2-BC00-9D5E5A43377E}.Debug|Any CPU.ActiveCfg = Debug|Any CPU
		{CD63276F-F36C-42E2-BC00-9D5E5A43377E}.Debug|Any CPU.Build.0 = Debug|Any CPU
		{CD63276F-F36C-42E2-BC00-9D5E5A43377E}.Release|Any CPU.ActiveCfg = Release|Any CPU
		{CD63276F-F36C-42E2-BC00-9D5E5A43377E}.Release|Any CPU.Build.0 = Release|Any CPU
		{01DFCC86-8DC4-41D6-B90F-D8519F529D11}.Debug|Any CPU.ActiveCfg = Debug|Any CPU
		{01DFCC86-8DC4-41D6-B90F-D8519F529D11}.Debug|Any CPU.Build.0 = Debug|Any CPU
		{01DFCC86-8DC4-41D6-B90F-D8519F529D11}.Release|Any CPU.ActiveCfg = Release|Any CPU
		{01DFCC86-8DC4-41D6-B90F-D8519F529D11}.Release|Any CPU.Build.0 = Release|Any CPU
		{D047F130-9B15-41E0-9B09-2BB71F21FBE7}.Debug|Any CPU.ActiveCfg = Debug|Any CPU
		{D047F130-9B15-41E0-9B09-2BB71F21FBE7}.Debug|Any CPU.Build.0 = Debug|Any CPU
		{D047F130-9B15-41E0-9B09-2BB71F21FBE7}.Release|Any CPU.ActiveCfg = Release|Any CPU
		{D047F130-9B15-41E0-9B09-2BB71F21FBE7}.Release|Any CPU.Build.0 = Release|Any CPU
		{402C838C-1820-49B8-980E-5951F15FCE20}.Debug|Any CPU.ActiveCfg = Debug|Any CPU
		{402C838C-1820-49B8-980E-5951F15FCE20}.Debug|Any CPU.Build.0 = Debug|Any CPU
		{402C838C-1820-49B8-980E-5951F15FCE20}.Release|Any CPU.ActiveCfg = Release|Any CPU
		{402C838C-1820-49B8-980E-5951F15FCE20}.Release|Any CPU.Build.0 = Release|Any CPU
		{49900B18-1DD6-4255-A316-BAA0BBC99CE6}.Debug|Any CPU.ActiveCfg = Debug|Any CPU
		{49900B18-1DD6-4255-A316-BAA0BBC99CE6}.Debug|Any CPU.Build.0 = Debug|Any CPU
		{49900B18-1DD6-4255-A316-BAA0BBC99CE6}.Release|Any CPU.ActiveCfg = Release|Any CPU
		{49900B18-1DD6-4255-A316-BAA0BBC99CE6}.Release|Any CPU.Build.0 = Release|Any CPU
		{0B02EBF6-2DF8-4651-B13B-84C81BD63DAE}.Debug|Any CPU.ActiveCfg = Debug|Any CPU
		{0B02EBF6-2DF8-4651-B13B-84C81BD63DAE}.Debug|Any CPU.Build.0 = Debug|Any CPU
		{0B02EBF6-2DF8-4651-B13B-84C81BD63DAE}.Release|Any CPU.ActiveCfg = Release|Any CPU
		{0B02EBF6-2DF8-4651-B13B-84C81BD63DAE}.Release|Any CPU.Build.0 = Release|Any CPU
		{41917518-5A4D-4C5F-AD64-0F7E63EE1E72}.Debug|Any CPU.ActiveCfg = Debug|Any CPU
		{41917518-5A4D-4C5F-AD64-0F7E63EE1E72}.Debug|Any CPU.Build.0 = Debug|Any CPU
		{41917518-5A4D-4C5F-AD64-0F7E63EE1E72}.Release|Any CPU.ActiveCfg = Release|Any CPU
		{41917518-5A4D-4C5F-AD64-0F7E63EE1E72}.Release|Any CPU.Build.0 = Release|Any CPU
		{B7114000-5656-4585-9B78-A9F1FAA21490}.Debug|Any CPU.ActiveCfg = Debug|Any CPU
		{B7114000-5656-4585-9B78-A9F1FAA21490}.Debug|Any CPU.Build.0 = Debug|Any CPU
		{B7114000-5656-4585-9B78-A9F1FAA21490}.Release|Any CPU.ActiveCfg = Release|Any CPU
		{B7114000-5656-4585-9B78-A9F1FAA21490}.Release|Any CPU.Build.0 = Release|Any CPU
		{970543F0-0AA4-470E-A210-918621433CE3}.Debug|Any CPU.ActiveCfg = Debug|Any CPU
		{970543F0-0AA4-470E-A210-918621433CE3}.Debug|Any CPU.Build.0 = Debug|Any CPU
		{970543F0-0AA4-470E-A210-918621433CE3}.Release|Any CPU.ActiveCfg = Release|Any CPU
		{970543F0-0AA4-470E-A210-918621433CE3}.Release|Any CPU.Build.0 = Release|Any CPU
		{ABF14F7D-B29B-4FE0-B1BB-57F860E34404}.Debug|Any CPU.ActiveCfg = Debug|Any CPU
		{ABF14F7D-B29B-4FE0-B1BB-57F860E34404}.Debug|Any CPU.Build.0 = Debug|Any CPU
		{ABF14F7D-B29B-4FE0-B1BB-57F860E34404}.Release|Any CPU.ActiveCfg = Release|Any CPU
		{ABF14F7D-B29B-4FE0-B1BB-57F860E34404}.Release|Any CPU.Build.0 = Release|Any CPU
		{356054C8-4088-4798-B2AF-CE255943DA53}.Debug|Any CPU.ActiveCfg = Debug|Any CPU
		{356054C8-4088-4798-B2AF-CE255943DA53}.Debug|Any CPU.Build.0 = Debug|Any CPU
		{356054C8-4088-4798-B2AF-CE255943DA53}.Release|Any CPU.ActiveCfg = Release|Any CPU
		{356054C8-4088-4798-B2AF-CE255943DA53}.Release|Any CPU.Build.0 = Release|Any CPU
		{54256CE9-C08F-4D73-B6AD-274ABD82A0B1}.Debug|Any CPU.ActiveCfg = Debug|Any CPU
		{54256CE9-C08F-4D73-B6AD-274ABD82A0B1}.Debug|Any CPU.Build.0 = Debug|Any CPU
		{54256CE9-C08F-4D73-B6AD-274ABD82A0B1}.Release|Any CPU.ActiveCfg = Release|Any CPU
		{54256CE9-C08F-4D73-B6AD-274ABD82A0B1}.Release|Any CPU.Build.0 = Release|Any CPU
		{3474FD42-EA5C-47BD-A713-D40501A6A4E1}.Debug|Any CPU.ActiveCfg = Debug|Any CPU
		{3474FD42-EA5C-47BD-A713-D40501A6A4E1}.Debug|Any CPU.Build.0 = Debug|Any CPU
		{3474FD42-EA5C-47BD-A713-D40501A6A4E1}.Release|Any CPU.ActiveCfg = Release|Any CPU
		{3474FD42-EA5C-47BD-A713-D40501A6A4E1}.Release|Any CPU.Build.0 = Release|Any CPU
		{857EF472-D659-4335-912D-943C7E429A69}.Debug|Any CPU.ActiveCfg = Debug|Any CPU
		{857EF472-D659-4335-912D-943C7E429A69}.Debug|Any CPU.Build.0 = Debug|Any CPU
		{857EF472-D659-4335-912D-943C7E429A69}.Release|Any CPU.ActiveCfg = Release|Any CPU
		{857EF472-D659-4335-912D-943C7E429A69}.Release|Any CPU.Build.0 = Release|Any CPU
		{B4D8B724-3DD0-4BBB-A377-0DF017C951A0}.Debug|Any CPU.ActiveCfg = Debug|Any CPU
		{B4D8B724-3DD0-4BBB-A377-0DF017C951A0}.Debug|Any CPU.Build.0 = Debug|Any CPU
		{B4D8B724-3DD0-4BBB-A377-0DF017C951A0}.Release|Any CPU.ActiveCfg = Release|Any CPU
		{B4D8B724-3DD0-4BBB-A377-0DF017C951A0}.Release|Any CPU.Build.0 = Release|Any CPU
	EndGlobalSection
	GlobalSection(SolutionProperties) = preSolution
		HideSolutionNode = FALSE
	EndGlobalSection
	GlobalSection(NestedProjects) = preSolution
		{CD63276F-F36C-42E2-BC00-9D5E5A43377E} = {4A791881-0370-4F69-85A6-165872C06840}
		{01DFCC86-8DC4-41D6-B90F-D8519F529D11} = {4A791881-0370-4F69-85A6-165872C06840}
		{D047F130-9B15-41E0-9B09-2BB71F21FBE7} = {4A791881-0370-4F69-85A6-165872C06840}
		{402C838C-1820-49B8-980E-5951F15FCE20} = {3F7A929F-39FE-40B1-9B75-1F8CA90472A0}
		{49900B18-1DD6-4255-A316-BAA0BBC99CE6} = {3F7A929F-39FE-40B1-9B75-1F8CA90472A0}
		{0B02EBF6-2DF8-4651-B13B-84C81BD63DAE} = {3F7A929F-39FE-40B1-9B75-1F8CA90472A0}
		{41917518-5A4D-4C5F-AD64-0F7E63EE1E72} = {C6A0B4A9-608D-44D2-91F6-B7A56A8821CF}
		{B7114000-5656-4585-9B78-A9F1FAA21490} = {C6A0B4A9-608D-44D2-91F6-B7A56A8821CF}
		{970543F0-0AA4-470E-A210-918621433CE3} = {C6A0B4A9-608D-44D2-91F6-B7A56A8821CF}
		{ABF14F7D-B29B-4FE0-B1BB-57F860E34404} = {21A8EAC4-B85F-47BB-8CB4-8F7BA4F16FE6}
		{356054C8-4088-4798-B2AF-CE255943DA53} = {21A8EAC4-B85F-47BB-8CB4-8F7BA4F16FE6}
		{54256CE9-C08F-4D73-B6AD-274ABD82A0B1} = {21A8EAC4-B85F-47BB-8CB4-8F7BA4F16FE6}
		{3474FD42-EA5C-47BD-A713-D40501A6A4E1} = {3AFB39E5-2EDD-4AE4-BA2A-736B19064CCA}
		{857EF472-D659-4335-912D-943C7E429A69} = {3AFB39E5-2EDD-4AE4-BA2A-736B19064CCA}
		{B4D8B724-3DD0-4BBB-A377-0DF017C951A0} = {3AFB39E5-2EDD-4AE4-BA2A-736B19064CCA}
	EndGlobalSection
	GlobalSection(ExtensibilityGlobals) = postSolution
		SolutionGuid = {740BE53B-3B01-49C7-968A-9B3671F4F152}
	EndGlobalSection
EndGlobal
